
Microsoft Visual Studio Solution File, Format Version 12.00
# Visual Studio Version 16
VisualStudioVersion = 25.0.1706.4
MinimumVisualStudioVersion = 10.0.40219.1
Project("{FAE04EC0-301F-11D3-BF4B-00C04F79EFBC}") = "кулькулятор22", "кулькулятор22\кулькулятор22.csproj", "{0A9CF91B-9831-4023-8458-731BCE558014}"
EndProject
Global
	GlobalSection(SolutionConfigurationPlatforms) = preSolution
		Debug|Any CPU = Debug|Any CPU
		Release|Any CPU = Release|Any CPU
	EndGlobalSection
	GlobalSection(ProjectConfigurationPlatforms) = postSolution
		{0A9CF91B-9831-4023-8458-731BCE558014}.Debug|Any CPU.ActiveCfg = Debug|Any CPU
		{0A9CF91B-9831-4023-8458-731BCE558014}.Debug|Any CPU.Build.0 = Debug|Any CPU
		{0A9CF91B-9831-4023-8458-731BCE558014}.Release|Any CPU.ActiveCfg = Release|Any CPU
		{0A9CF91B-9831-4023-8458-731BCE558014}.Release|Any CPU.Build.0 = Release|Any CPU
	EndGlobalSection
	GlobalSection(SolutionProperties) = preSolution
		HideSolutionNode = FALSE
	EndGlobalSection
	GlobalSection(ExtensibilityGlobals) = postSolution
		SolutionGuid = {30CE4356-697D-46E8-A154-94B7D4A68076}
	EndGlobalSection
EndGlobal
